schema: sakurai.project-release-lock.v5
project_id: GEN5-TO-POCKET-MONSTERS
lock_date: 2026-09-12
registry: INFRA/REGISTRY/ROM-SETS/GEN5-TO-POCKET-MONSTERS-2026-09-12.yaml

sources:
  GEN5-BLACK-IRBO-HV0:
    release: LIBRARY/GEN-05/BLACK/SOURCE/NDS-TWL/CART/IRBO-HV0
    observed_dump: LIBRARY/GEN-05/BLACK/SOURCE/NDS-TWL/CART/IRBO-HV0/DUMPS/SWEETNDS-a68b3bed
    status: bound-supplied-dump-revalidation-required
  GEN5-WHITE-IRAO-HV0:
    release: LIBRARY/GEN-05/WHITE/SOURCE/NDS-TWL/CART/IRAO-HV0
    observed_dump: LIBRARY/GEN-05/WHITE/SOURCE/NDS-TWL/CART/IRAO-HV0/DUMPS/SWEETNDS-f94d4578
    status: bound-supplied-dump-revalidation-required

required_unbound_sources:
  GEN5-BLACK2:
    status: required-not-currently-bound
  GEN5-WHITE2:
    status: required-not-currently-bound

targets:
  GEN2-GOLD-KR-KO-HV0:
    release: LIBRARY/GEN-02/GOLD/SOURCE/GBC/CART/KR-KO-HV0
    observed_dump: LIBRARY/GEN-02/GOLD/SOURCE/GBC/CART/KR-KO-HV0/DUMPS/UPLOAD-c0ff3999
  GEN2-SILVER-AAXK-HV0:
    release: LIBRARY/GEN-02/SILVER/SOURCE/GBC/CART/AAXK-HV0
    observed_dump: LIBRARY/GEN-02/SILVER/SOURCE/GBC/CART/AAXK-HV0/DUMPS/PROJECT-cb22d7e0
  GEN2-CRYSTAL-JP-JA-HV0:
    release: LIBRARY/GEN-02/CRYSTAL/SOURCE/GBC/CART/JP-JA-HV0
    observed_dump: LIBRARY/GEN-02/CRYSTAL/SOURCE/GBC/CART/JP-JA-HV0/DUMPS/UPLOAD-95127b90
  GEN2-CRYSTAL-US-EU-EN-HV1:
    release: LIBRARY/GEN-02/CRYSTAL/SOURCE/GBC/CART/US-EU-EN-HV1
    observed_dump: LIBRARY/GEN-02/CRYSTAL/SOURCE/GBC/CART/US-EU-EN-HV1/DUMPS/UPLOAD-f2f52230
  GEN3-RUBY-AXVJ-HV0:
    release: LIBRARY/GEN-03/RUBY/SOURCE/GBA/CART/AXVJ-HV0
    observed_dump: LIBRARY/GEN-03/RUBY/SOURCE/GBA/CART/AXVJ-HV0/DUMPS/UPLOAD-5c5e5467
  GEN3-RUBY-AXVE-HV2:
    release: LIBRARY/GEN-03/RUBY/SOURCE/GBA/CART/AXVE-HV2
    observed_dump: LIBRARY/GEN-03/RUBY/SOURCE/GBA/CART/AXVE-HV2/DUMPS/UPLOAD-5b64eacf
  GEN3-SAPPHIRE-AXPJ-HV0:
    release: LIBRARY/GEN-03/SAPPHIRE/SOURCE/GBA/CART/AXPJ-HV0
    observed_dump: LIBRARY/GEN-03/SAPPHIRE/SOURCE/GBA/CART/AXPJ-HV0/DUMPS/UPLOAD-3233342c
  GEN3-SAPPHIRE-AXPE-HV2:
    release: LIBRARY/GEN-03/SAPPHIRE/SOURCE/GBA/CART/AXPE-HV2
    observed_dump: LIBRARY/GEN-03/SAPPHIRE/SOURCE/GBA/CART/AXPE-HV2/DUMPS/UPLOAD-89b45fb1
  GEN3-EMERALD-BPEJ-HV0:
    release: LIBRARY/GEN-03/EMERALD/SOURCE/GBA/CART/BPEJ-HV0
    observed_dump: LIBRARY/GEN-03/EMERALD/SOURCE/GBA/CART/BPEJ-HV0/DUMPS/UPLOAD-d7cf8f15
  GEN3-EMERALD-BPEE-HV0:
    release: LIBRARY/GEN-03/EMERALD/SOURCE/GBA/CART/BPEE-HV0
    observed_dump: LIBRARY/GEN-03/EMERALD/SOURCE/GBA/CART/BPEE-HV0/DUMPS/UPLOAD-f3ae0881
  GEN3-FIRERED-BPRJ-HV1:
    release: LIBRARY/GEN-03/FIRERED/SOURCE/GBA/CART/BPRJ-HV1
    observed_dump: LIBRARY/GEN-03/FIRERED/SOURCE/GBA/CART/BPRJ-HV1/DUMPS/UPLOAD-7c7107b8
  GEN3-FIRERED-BPRE-HV1:
    release: LIBRARY/GEN-03/FIRERED/SOURCE/GBA/CART/BPRE-HV1
    observed_dump: LIBRARY/GEN-03/FIRERED/SOURCE/GBA/CART/BPRE-HV1/DUMPS/UPLOAD-c4d0119d
  GEN3-LEAFGREEN-BPGJ-HV0:
    release: LIBRARY/GEN-03/LEAFGREEN/SOURCE/GBA/CART/BPGJ-HV0
    observed_dump: LIBRARY/GEN-03/LEAFGREEN/SOURCE/GBA/CART/BPGJ-HV0/DUMPS/UPLOAD-5946f1b5
  GEN3-LEAFGREEN-BPGE-HV1:
    release: LIBRARY/GEN-03/LEAFGREEN/SOURCE/GBA/CART/BPGE-HV1
    observed_dump: LIBRARY/GEN-03/LEAFGREEN/SOURCE/GBA/CART/BPGE-HV1/DUMPS/UPLOAD-7862c67b

implementation_contract:
  common_root: PROJECTS/GEN5-TO-POCKET-MONSTERS/IMPLEMENTATION/COMMON
  target_root_template: PROJECTS/GEN5-TO-POCKET-MONSTERS/IMPLEMENTATION/{TARGET-ID}
  crosswalk_root: PROJECTS/GEN5-TO-POCKET-MONSTERS/CROSSWALK
  design_root: PROJECTS/GEN5-TO-POCKET-MONSTERS/DESIGN
  verification_root: PROJECTS/GEN5-TO-POCKET-MONSTERS/VERIFICATION

rules:
  - source-and-target-ids-must-resolve-to-exactly-one-v5-release
  - target-id-uses-release-id-with-HV-semantics
  - source-release-research-stays-in-library
  - project-specific-transformation-stays-in-projects
  - supplied-dump-limitations-must-propagate-to-verification
  - no-rom-binaries-in-github
