schema: sakurai.project-release-lock.v3
project_id: GS-KOREAN-TO-POCKET-MONSTERS
repository_structure_version: v5
rom_set_registry: INFRA/REGISTRY/ROM-SETS/GS-KOREAN-POKEMON-GEN1-GEN2-2026-09-12.yaml
source_matrix: PROJECTS/GS-KOREAN-TO-POCKET-MONSTERS/MANIFESTS/source-matrix.yaml
target_matrix: PROJECTS/GS-KOREAN-TO-POCKET-MONSTERS/MANIFESTS/target-matrix.yaml
translation_policy:
  japanese_sources: translate_directly_from_each_japanese_release
  english_sources: translate_directly_from_each_english_release
  korean_gold_silver: technical_hangul_reference_and_independent_language_revision_targets
  target_language: KR-KO
  preserve_japanese_english_localization_differences: true
  use_latest_official_korean_names: true
  use_current_korean_orthography: true
  original_offsets_are_not_translation_constraints: true
source_release_count: 23
target_count: 23
source_release_paths:
- LIBRARY/GEN-01/RED/SOURCE/GB/CART/JP-JA-HV1
- LIBRARY/GEN-01/RED/SOURCE/GB/CART/JP-JA-HV0
- LIBRARY/GEN-01/BLUE/SOURCE/GB/CART/JP-JA-HV0
- LIBRARY/GEN-02/CRYSTAL/SOURCE/GBC/CART/JP-JA-HV0
- LIBRARY/GEN-01/GREEN/SOURCE/GB/CART/JP-JA-HV1
- LIBRARY/GEN-01/GREEN/SOURCE/GB/CART/JP-JA-HV0
- LIBRARY/GEN-01/YELLOW/SOURCE/GB/CART/JP-JA-HV0
- LIBRARY/GEN-01/YELLOW/SOURCE/GB/CART/JP-JA-HV1
- LIBRARY/GEN-01/YELLOW/SOURCE/GB/CART/JP-JA-HV2
- LIBRARY/GEN-01/YELLOW/SOURCE/GB/CART/JP-JA-HV3
- LIBRARY/GEN-02/SILVER/SOURCE/GBC/CART/KR-KO-HV0
- LIBRARY/GEN-02/GOLD/SOURCE/GBC/CART/KR-KO-HV0
- LIBRARY/GEN-02/SILVER/SOURCE/GBC/CART/JP-JA-HV1
- LIBRARY/GEN-02/SILVER/SOURCE/GBC/CART/JP-JA-HV0
- LIBRARY/GEN-02/GOLD/SOURCE/GBC/CART/JP-JA-HV1
- LIBRARY/GEN-02/GOLD/SOURCE/GBC/CART/JP-JA-HV0
- LIBRARY/GEN-01/BLUE/SOURCE/GB/CART/US-EU-EN-HV0
- LIBRARY/GEN-02/CRYSTAL/SOURCE/GBC/CART/US-EU-EN-HV1
- LIBRARY/GEN-02/CRYSTAL/SOURCE/GBC/CART/US-EU-EN-HV0
- LIBRARY/GEN-02/GOLD/SOURCE/GBC/CART/US-EU-EN-HV0
- LIBRARY/GEN-01/RED/SOURCE/GB/CART/US-EU-EN-HV0
- LIBRARY/GEN-02/SILVER/SOURCE/GBC/CART/US-EU-EN-HV0
- LIBRARY/GEN-01/YELLOW/SOURCE/GB/CART/US-EU-EN-HV0
implementation_references:
- LIBRARY/GEN-02/GOLD/SOURCE/GBC/CART/KR-KO-HV0
- LIBRARY/GEN-02/SILVER/SOURCE/GBC/CART/KR-KO-HV0
nonexistent_source_releases_must_not_be_created:
- LIBRARY/GEN-01/RED/SOURCE/GB/CART/KR-KO-HV0
- LIBRARY/GEN-01/GREEN/SOURCE/GB/CART/KR-KO-HV0
- LIBRARY/GEN-01/BLUE/SOURCE/GB/CART/KR-KO-HV0
- LIBRARY/GEN-01/YELLOW/SOURCE/GB/CART/KR-KO-HV0
- LIBRARY/GEN-02/CRYSTAL/SOURCE/GBC/CART/KR-KO-HV0
